{
    "_readme": [
        "This file locks the dependencies of your project to a known state",
        "Read more about it at https://getcomposer.org/doc/01-basic-usage.md#installing-dependencies",
        "This file is @generated automatically"
    ],
    "content-hash": "dd664cf604072324938142a9b36bcda6",
    "packages": [
        {
            "name": "zorzi23/regex_flow",
            "version": "1.0.0.x-dev",
            "source": {
                "type": "git",
                "url": "https://github.com/Zorzi23/RegexFlow.git",
                "reference": "ccab461c76b63d55474b20b4f8c2e5b865c4c361"
            },
            "dist": {
                "type": "zip",
                "url": "https://api.github.com/repos/Zorzi23/RegexFlow/zipball/ccab461c76b63d55474b20b4f8c2e5b865c4c361",
                "reference": "ccab461c76b63d55474b20b4f8c2e5b865c4c361",
                "shasum": ""
            },
            "type": "library",
            "autoload": {
                "psr-4": {
                    "RegexFlow\\": "src/"
                }
            },
            "license": [
                "MIT"
            ],
            "authors": [
                {
                    "name": "Gustavo Zorzi",
                    "email": "gustavozorzi2003@gmail.com"
                }
            ],
            "description": "A library for handling regular expressions in PHP.",
            "support": {
                "source": "https://github.com/Zorzi23/RegexFlow/tree/1.0.0",
                "issues": "https://github.com/Zorzi23/RegexFlow/issues"
            },
            "time": "2025-01-24T21:56:21+00:00"
        }
    ],
    "packages-dev": [],
    "aliases": [],
    "minimum-stability": "dev",
    "stability-flags": {
        "zorzi23/regex_flow": 20
    },
    "prefer-stable": true,
    "prefer-lowest": false,
    "platform": [],
    "platform-dev": [],
    "plugin-api-version": "2.6.0"
}
